
Microsoft Visual Studio Solution File, Format Version 12.00
# Visual Studio Version 17
VisualStudioVersion = 17.4.33205.214
MinimumVisualStudioVersion = 10.0.40219.1
Project("{FAE04EC0-301F-11D3-BF4B-00C04F79EFBC}") = "HRISApi", "HRISApi.csproj", "{5B79D8FD-3457-4CA4-A28C-BA6FA23A1A06}"
EndProject
Global
	GlobalSection(SolutionConfigurationPlatforms) = preSolution
		Debug|Any CPU = Debug|Any CPU
		Release|Any CPU = Release|Any CPU
	EndGlobalSection
	GlobalSection(ProjectConfigurationPlatforms) = postSolution
		{5B79D8FD-3457-4CA4-A28C-BA6FA23A1A06}.Debug|Any CPU.ActiveCfg = Debug|Any CPU
		{5B79D8FD-3457-4CA4-A28C-BA6FA23A1A06}.Debug|Any CPU.Build.0 = Debug|Any CPU
		{5B79D8FD-3457-4CA4-A28C-BA6FA23A1A06}.Release|Any CPU.ActiveCfg = Release|Any CPU
		{5B79D8FD-3457-4CA4-A28C-BA6FA23A1A06}.Release|Any CPU.Build.0 = Release|Any CPU
	EndGlobalSection
	GlobalSection(SolutionProperties) = preSolution
		HideSolutionNode = FALSE
	EndGlobalSection
	GlobalSection(ExtensibilityGlobals) = postSolution
		SolutionGuid = {6F33E1C0-E7EB-42E5-9049-48297E719D5A}
	EndGlobalSection
EndGlobal
